Microsoft Visual Studio Solution File, Format Version 12.00
# Visual Studio Version 17
VisualStudioVersion = 17.7.34018.315
MinimumVisualStudioVersion = 10.0.40219.1
Project("{9A19103F-16F7-4668-BE54-9A1E7A4F7556}") = "Aspose.Cells.Cloud.SDK", "Aspose.Cells.Cloud.Sdk\Aspose.Cells.Cloud.SDK.csproj", "{13284D1A-8B08-469A-A58B-5C94B92C68E7}"
EndProject
Project("{9A19103F-16F7-4668-BE54-9A1E7A4F7556}") = "Aspose.Cells.Cloud.SDK.Test", "Aspose.Cells.Cloud.Sdk.Test\Aspose.Cells.Cloud.SDK.Test.csproj", "{FCFE1F60-DB73-4F3F-853A-FBADCC5E994B}"
EndProject
Project("{2150E333-8FDC-42A3-9474-1A3956D46DE8}") = ".nuget", ".nuget", "{98322D5D-AC84-4BA5-94DC-5FB1B651046F}"
	ProjectSection(SolutionItems) = preProject
		.nuget\NuGet.Config = .nuget\NuGet.Config
		.nuget\NuGet.exe = .nuget\NuGet.exe
		.nuget\NuGet.targets = .nuget\NuGet.targets
	EndProjectSection
EndProject
Project("{2150E333-8FDC-42A3-9474-1A3956D46DE8}") = "Scripts", "Scripts", "{19ED4C76-3AE3-49FC-93EA-707C54808F9E}"
	ProjectSection(SolutionItems) = preProject
		Pack_NugetPackage.ps1 = Pack_NugetPackage.ps1
		TestCellsCloudSDK.ps1 = TestCellsCloudSDK.ps1
	EndProjectSection
EndProject
Global
	GlobalSection(SolutionConfigurationPlatforms) = preSolution
		Debug|Any CPU = Debug|Any CPU
		Debug|Mixed Platforms = Debug|Mixed Platforms
		Debug|x86 = Debug|x86
		Release|Any CPU = Release|Any CPU
		Release|Mixed Platforms = Release|Mixed Platforms
		Release|x86 = Release|x86
	EndGlobalSection
	GlobalSection(ProjectConfigurationPlatforms) = postSolution
		{13284D1A-8B08-469A-A58B-5C94B92C68E7}.Debug|Any CPU.ActiveCfg = Debug|Any CPU
		{13284D1A-8B08-469A-A58B-5C94B92C68E7}.Debug|Any CPU.Build.0 = Debug|Any CPU
		{13284D1A-8B08-469A-A58B-5C94B92C68E7}.Debug|Mixed Platforms.ActiveCfg = Debug|Any CPU
		{13284D1A-8B08-469A-A58B-5C94B92C68E7}.Debug|Mixed Platforms.Build.0 = Debug|Any CPU
		{13284D1A-8B08-469A-A58B-5C94B92C68E7}.Debug|x86.ActiveCfg = Debug|Any CPU
		{13284D1A-8B08-469A-A58B-5C94B92C68E7}.Debug|x86.Build.0 = Debug|Any CPU
		{13284D1A-8B08-469A-A58B-5C94B92C68E7}.Release|Any CPU.ActiveCfg = Release|Any CPU
		{13284D1A-8B08-469A-A58B-5C94B92C68E7}.Release|Any CPU.Build.0 = Release|Any CPU
		{13284D1A-8B08-469A-A58B-5C94B92C68E7}.Release|Mixed Platforms.ActiveCfg = Release|Any CPU
		{13284D1A-8B08-469A-A58B-5C94B92C68E7}.Release|Mixed Platforms.Build.0 = Release|Any CPU
		{13284D1A-8B08-469A-A58B-5C94B92C68E7}.Release|x86.ActiveCfg = Release|Any CPU
		{13284D1A-8B08-469A-A58B-5C94B92C68E7}.Release|x86.Build.0 = Release|Any CPU
		{FCFE1F60-DB73-4F3F-853A-FBADCC5E994B}.Debug|Any CPU.ActiveCfg = Debug|Any CPU
		{FCFE1F60-DB73-4F3F-853A-FBADCC5E994B}.Debug|Any CPU.Build.0 = Debug|Any CPU
		{FCFE1F60-DB73-4F3F-853A-FBADCC5E994B}.Debug|Mixed Platforms.ActiveCfg = Debug|Any CPU
		{FCFE1F60-DB73-4F3F-853A-FBADCC5E994B}.Debug|Mixed Platforms.Build.0 = Debug|Any CPU
		{FCFE1F60-DB73-4F3F-853A-FBADCC5E994B}.Debug|x86.ActiveCfg = Debug|Any CPU
		{FCFE1F60-DB73-4F3F-853A-FBADCC5E994B}.Release|Any CPU.ActiveCfg = Release|Any CPU
		{FCFE1F60-DB73-4F3F-853A-FBADCC5E994B}.Release|Any CPU.Build.0 = Release|Any CPU
		{FCFE1F60-DB73-4F3F-853A-FBADCC5E994B}.Release|Mixed Platforms.ActiveCfg = Release|Any CPU
		{FCFE1F60-DB73-4F3F-853A-FBADCC5E994B}.Release|Mixed Platforms.Build.0 = Release|Any CPU
		{FCFE1F60-DB73-4F3F-853A-FBADCC5E994B}.Release|x86.ActiveCfg = Release|Any CPU
	EndGlobalSection
	GlobalSection(SolutionProperties) = preSolution
		HideSolutionNode = FALSE
	EndGlobalSection
	GlobalSection(ExtensibilityGlobals) = postSolution
		SolutionGuid = {03358728-6101-4DDD-AD2B-DC9DB7E9428D}
	EndGlobalSection
EndGlobal
